PODS:
  - FontAwesome.swift (1.4.8)
  - Graph (2.2.2)
  - Material (2.16.4):
    - Material/Core (= 2.16.4)
  - Material/Core (2.16.4):
    - Motion (~> 1.4.3)
  - Motion (1.4.3):
    - Motion/Core (= 1.4.3)
  - Motion/Core (1.4.3)
  - Realm (3.10.0):
    - Realm/Headers (= 3.10.0)
  - Realm/Headers (3.10.0)
  - RealmSwift (3.10.0):
    - Realm (= 3.10.0)
  - SwiftyJSON (4.2.0)

DEPENDENCIES:
  - FontAwesome.swift (~> 1.4.5)
  - Graph (~> 2.2.2)
  - Material (~> 2.16.4)
  - RealmSwift (~> 3.10.0)
  - SwiftyJSON (~> 4.2.0)

SPEC REPOS:
  https://github.com/cocoapods/specs.git:
    - FontAwesome.swift
    - Graph
    - Material
    - Motion
    - Realm
    - RealmSwift
    - SwiftyJSON

SPEC CHECKSUMS:
  FontAwesome.swift: fb8637bffb9a588c7e8c753c084565b27b20a39d
  Graph: 7bb540efc73635f727126db6236598aa472be086
  Material: 4ed78690b09ffd148b5ffab6b4367fb1d8da1cd3
  Motion: 153ba49692997888556c7a95207278a8b1f8be95
  Realm: 85ab9e4f779d66f6e9ffeb118dc25b7f130c96ac
  RealmSwift: 69121c8b86d0ae005fb779efdb10e606732e1c74
  SwiftyJSON: c4bcba26dd9ec7a027fc8eade48e2c911f229e96

PODFILE CHECKSUM: 47fc4a4d9ae0168b883b48b243618c1e3d89fa07

COCOAPODS: 1.5.3
