// !$*UTF8*$!
{
	archiveVersion = 1;
	classes = {
	};
	objectVersion = 48;
	objects = {

/* Begin PBXBuildFile section */
		064873F9219BFEBC00B3E6B2 /* AddSubModalViewController.swift in Sources */ = {isa = PBXBuildFile; fileRef = 064873F8219BFEBC00B3E6B2 /* AddSubModalViewController.swift */; };
		064C68F72199C8E2006AE88E /* SplitMasterViewController.swift in Sources */ = {isa = PBXBuildFile; fileRef = 064C68EF2199C8E2006AE88E /* SplitMasterViewController.swift */; };
		064C68F82199C8E2006AE88E /* RootViewController.swift in Sources */ = {isa = PBXBuildFile; fileRef = 064C68F02199C8E2006AE88E /* RootViewController.swift */; };
		064C68F92199C8E2006AE88E /* PersonTableFABMenuViewController.swift in Sources */ = {isa = PBXBuildFile; fileRef = 064C68F12199C8E2006AE88E /* PersonTableFABMenuViewController.swift */; };
		064C68FA2199C8E2006AE88E /* TagViewController.swift in Sources */ = {isa = PBXBuildFile; fileRef = 064C68F22199C8E2006AE88E /* TagViewController.swift */; };
		064C68FB2199C8E2006AE88E /* TabBarPDFViewController.swift in Sources */ = {isa = PBXBuildFile; fileRef = 064C68F32199C8E2006AE88E /* TabBarPDFViewController.swift */; };
		064C68FC2199C8E2006AE88E /* TabBarStaticsViewController.swift in Sources */ = {isa = PBXBuildFile; fileRef = 064C68F42199C8E2006AE88E /* TabBarStaticsViewController.swift */; };
		064C68FD2199C8E2006AE88E /* SplitDetailViewController.swift in Sources */ = {isa = PBXBuildFile; fileRef = 064C68F52199C8E2006AE88E /* SplitDetailViewController.swift */; };
		064C68FE2199C8E2006AE88E /* TabBarGraphViewController.swift in Sources */ = {isa = PBXBuildFile; fileRef = 064C68F62199C8E2006AE88E /* TabBarGraphViewController.swift */; };
		064C69002199C9A0006AE88E /* AddModalViewController.swift in Sources */ = {isa = PBXBuildFile; fileRef = 064C68FF2199C9A0006AE88E /* AddModalViewController.swift */; };
		0682AD422162554200E21140 /* AppDelegate.swift in Sources */ = {isa = PBXBuildFile; fileRef = 0682AD412162554200E21140 /* AppDelegate.swift */; };
		0682AD492162554200E21140 /* Assets.xcassets in Resources */ = {isa = PBXBuildFile; fileRef = 0682AD482162554200E21140 /* Assets.xcassets */; };
		0682AD572162554300E21140 /* personalized_care_plannerTests.swift in Sources */ = {isa = PBXBuildFile; fileRef = 0682AD562162554300E21140 /* personalized_care_plannerTests.swift */; };
		0682AD622162554300E21140 /* personalized_care_plannerUITests.swift in Sources */ = {isa = PBXBuildFile; fileRef = 0682AD612162554300E21140 /* personalized_care_plannerUITests.swift */; };
		0682D89C217F3C5F00A02AAF /* Material.framework in Frameworks */ = {isa = PBXBuildFile; fileRef = 0682D89B217F3C5F00A02AAF /* Material.framework */; };
		0682D89E217F3C5F00A02AAF /* Motion.framework in Frameworks */ = {isa = PBXBuildFile; fileRef = 0682D89D217F3C5F00A02AAF /* Motion.framework */; };
		0682D8A0217F54EA00A02AAF /* Graph.framework in Frameworks */ = {isa = PBXBuildFile; fileRef = 0682D89F217F54EA00A02AAF /* Graph.framework */; };
		0682D8A221808C7A00A02AAF /* FontAwesome_swift.framework in Frameworks */ = {isa = PBXBuildFile; fileRef = 0682D8A121808C7A00A02AAF /* FontAwesome_swift.framework */; };
		06AC34D4218AF7AC00C2D7DC /* self-sheet.pdf in Resources */ = {isa = PBXBuildFile; fileRef = 06AC34CD218AF07C00C2D7DC /* self-sheet.pdf */; };
		06AC34D5218B013600C2D7DC /* index.html in Resources */ = {isa = PBXBuildFile; fileRef = 0645158B2182E56400860F83 /* index.html */; };
		06AC34D6218B013B00C2D7DC /* d3.min.js in Resources */ = {isa = PBXBuildFile; fileRef = 0645158E2182E75B00860F83 /* d3.min.js */; };
		06B35E1E217A265300641545 /* PersonTableView.swift in Sources */ = {isa = PBXBuildFile; fileRef = 06B35E1D217A265300641545 /* PersonTableView.swift */; };
		06F095E621774E8A00CCAA0B /* model-relation-v1.pdf in Resources */ = {isa = PBXBuildFile; fileRef = 06F095E221774E8A00CCAA0B /* model-relation-v1.pdf */; };
		06F095E721774E8A00CCAA0B /* model-relation-v1.dot in Resources */ = {isa = PBXBuildFile; fileRef = 06F095E321774E8A00CCAA0B /* model-relation-v1.dot */; };
		06F095F021774EC600CCAA0B /* Realm.framework in Frameworks */ = {isa = PBXBuildFile; fileRef = 06F095F321774EC600CCAA0B /* Realm.framework */; };
		06F095F121774EC600CCAA0B /* RealmSwift.framework in Frameworks */ = {isa = PBXBuildFile; fileRef = 06F095F421774EC600CCAA0B /* RealmSwift.framework */; };
		06F095F221774EC600CCAA0B /* SwiftyJSON.framework in Frameworks */ = {isa = PBXBuildFile; fileRef = 06F095F521774EC600CCAA0B /* SwiftyJSON.framework */; };
		5E51057E64E50E4D1C520C44 /* Pods_personalized_care_plannerTests.framework in Frameworks */ = {isa = PBXBuildFile; fileRef = 0CC2B2A1F6E9DF54569D2A8E /* Pods_personalized_care_plannerTests.framework */; };
		7498EBAF60D5DB4F1ABC8CEE /* Pods_personalized_care_plannerUITests.framework in Frameworks */ = {isa = PBXBuildFile; fileRef = 83EB655EA4161FAED16B1E27 /* Pods_personalized_care_plannerUITests.framework */; };
		FD6C8D89A911707EA5016DF4 /* Pods_personalized_care_planner.framework in Frameworks */ = {isa = PBXBuildFile; fileRef = A9F862B3B762367E6203A92F /* Pods_personalized_care_planner.framework */; };
/* End PBXBuildFile section */

/* Begin PBXContainerItemProxy section */
		0682AD532162554300E21140 /* PBXContainerItemProxy */ = {
			isa = PBXContainerItemProxy;
			containerPortal = 0682AD362162554200E21140 /* Project object */;
			proxyType = 1;
			remoteGlobalIDString = 0682AD3D2162554200E21140;
			remoteInfo = "personalized-care-planner";
		};
		0682AD5E2162554300E21140 /* PBXContainerItemProxy */ = {
			isa = PBXContainerItemProxy;
			containerPortal = 0682AD362162554200E21140 /* Project object */;
			proxyType = 1;
			remoteGlobalIDString = 0682AD3D2162554200E21140;
			remoteInfo = "personalized-care-planner";
		};
/* End PBXContainerItemProxy section */

/* Begin PBXFileReference section */
		04494DDE0E824749B13C5874 /* Pods-personalized-care-plannerTests.release.xcconfig */ = {isa = PBXFileReference; includeInIndex = 1; lastKnownFileType = text.xcconfig; name = "Pods-personalized-care-plannerTests.release.xcconfig"; path = "Pods/Target Support Files/Pods-personalized-care-plannerTests/Pods-personalized-care-plannerTests.release.xcconfig"; sourceTree = "<group>"; };
		0645158B2182E56400860F83 /* index.html */ = {isa = PBXFileReference; lastKnownFileType = text.html; path = index.html; sourceTree = "<group>"; };
		0645158E2182E75B00860F83 /* d3.min.js */ = {isa = PBXFileReference; fileEncoding = 4; lastKnownFileType = sourcecode.javascript; path = d3.min.js; sourceTree = "<group>"; };
		064873F8219BFEBC00B3E6B2 /* AddSubModalViewController.swift */ = {isa = PBXFileReference; lastKnownFileType = sourcecode.swift; path = AddSubModalViewController.swift; sourceTree = "<group>"; };
		064C68EF2199C8E2006AE88E /* SplitMasterViewController.swift */ = {isa = PBXFileReference; fileEncoding = 4; lastKnownFileType = sourcecode.swift; path = SplitMasterViewController.swift; sourceTree = "<group>"; };
		064C68F02199C8E2006AE88E /* RootViewController.swift */ = {isa = PBXFileReference; fileEncoding = 4; lastKnownFileType = sourcecode.swift; path = RootViewController.swift; sourceTree = "<group>"; };
		064C68F12199C8E2006AE88E /* PersonTableFABMenuViewController.swift */ = {isa = PBXFileReference; fileEncoding = 4; lastKnownFileType = sourcecode.swift; path = PersonTableFABMenuViewController.swift; sourceTree = "<group>"; };
		064C68F22199C8E2006AE88E /* TagViewController.swift */ = {isa = PBXFileReference; fileEncoding = 4; lastKnownFileType = sourcecode.swift; path = TagViewController.swift; sourceTree = "<group>"; };
		064C68F32199C8E2006AE88E /* TabBarPDFViewController.swift */ = {isa = PBXFileReference; fileEncoding = 4; lastKnownFileType = sourcecode.swift; path = TabBarPDFViewController.swift; sourceTree = "<group>"; };
		064C68F42199C8E2006AE88E /* TabBarStaticsViewController.swift */ = {isa = PBXFileReference; fileEncoding = 4; lastKnownFileType = sourcecode.swift; path = TabBarStaticsViewController.swift; sourceTree = "<group>"; };
		064C68F52199C8E2006AE88E /* SplitDetailViewController.swift */ = {isa = PBXFileReference; fileEncoding = 4; lastKnownFileType = sourcecode.swift; path = SplitDetailViewController.swift; sourceTree = "<group>"; };
		064C68F62199C8E2006AE88E /* TabBarGraphViewController.swift */ = {isa = PBXFileReference; fileEncoding = 4; lastKnownFileType = sourcecode.swift; path = TabBarGraphViewController.swift; sourceTree = "<group>"; };
		064C68FF2199C9A0006AE88E /* AddModalViewController.swift */ = {isa = PBXFileReference; lastKnownFileType = sourcecode.swift; path = AddModalViewController.swift; sourceTree = "<group>"; };
		0682AD3E2162554200E21140 /* personalized-care-planner.app */ = {isa = PBXFileReference; explicitFileType = wrapper.application; includeInIndex = 0; path = "personalized-care-planner.app"; sourceTree = BUILT_PRODUCTS_DIR; };
		0682AD412162554200E21140 /* AppDelegate.swift */ = {isa = PBXFileReference; lastKnownFileType = sourcecode.swift; path = AppDelegate.swift; sourceTree = "<group>"; };
		0682AD482162554200E21140 /* Assets.xcassets */ = {isa = PBXFileReference; lastKnownFileType = folder.assetcatalog; path = Assets.xcassets; sourceTree = "<group>"; };
		0682AD4D2162554200E21140 /* Info.plist */ = {isa = PBXFileReference; lastKnownFileType = text.plist.xml; path = Info.plist; sourceTree = "<group>"; };
		0682AD522162554300E21140 /* personalized-care-plannerTests.xctest */ = {isa = PBXFileReference; explicitFileType = wrapper.cfbundle; includeInIndex = 0; path = "personalized-care-plannerTests.xctest"; sourceTree = BUILT_PRODUCTS_DIR; };
		0682AD562162554300E21140 /* personalized_care_plannerTests.swift */ = {isa = PBXFileReference; lastKnownFileType = sourcecode.swift; path = personalized_care_plannerTests.swift; sourceTree = "<group>"; };
		0682AD582162554300E21140 /* Info.plist */ = {isa = PBXFileReference; lastKnownFileType = text.plist.xml; path = Info.plist; sourceTree = "<group>"; };
		0682AD5D2162554300E21140 /* personalized-care-plannerUITests.xctest */ = {isa = PBXFileReference; explicitFileType = wrapper.cfbundle; includeInIndex = 0; path = "personalized-care-plannerUITests.xctest"; sourceTree = BUILT_PRODUCTS_DIR; };
		0682AD612162554300E21140 /* personalized_care_plannerUITests.swift */ = {isa = PBXFileReference; lastKnownFileType = sourcecode.swift; path = personalized_care_plannerUITests.swift; sourceTree = "<group>"; };
		0682AD632162554300E21140 /* Info.plist */ = {isa = PBXFileReference; lastKnownFileType = text.plist.xml; path = Info.plist; sourceTree = "<group>"; };
		0682D89B217F3C5F00A02AAF /* Material.framework */ = {isa = PBXFileReference; explicitFileType = wrapper.framework; path = Material.framework; sourceTree = BUILT_PRODUCTS_DIR; };
		0682D89D217F3C5F00A02AAF /* Motion.framework */ = {isa = PBXFileReference; explicitFileType = wrapper.framework; path = Motion.framework; sourceTree = BUILT_PRODUCTS_DIR; };
		0682D89F217F54EA00A02AAF /* Graph.framework */ = {isa = PBXFileReference; explicitFileType = wrapper.framework; path = Graph.framework; sourceTree = BUILT_PRODUCTS_DIR; };
		0682D8A121808C7A00A02AAF /* FontAwesome_swift.framework */ = {isa = PBXFileReference; explicitFileType = wrapper.framework; path = FontAwesome_swift.framework; sourceTree = BUILT_PRODUCTS_DIR; };
		06AC34CD218AF07C00C2D7DC /* self-sheet.pdf */ = {isa = PBXFileReference; lastKnownFileType = image.pdf; name = "self-sheet.pdf"; path = "../../../../Dropbox/self-sheet.pdf"; sourceTree = "<group>"; };
		06B35E1D217A265300641545 /* PersonTableView.swift */ = {isa = PBXFileReference; lastKnownFileType = sourcecode.swift; path = PersonTableView.swift; sourceTree = "<group>"; };
		06F095E221774E8A00CCAA0B /* model-relation-v1.pdf */ = {isa = PBXFileReference; lastKnownFileType = image.pdf; path = "model-relation-v1.pdf"; sourceTree = "<group>"; };
		06F095E321774E8A00CCAA0B /* model-relation-v1.dot */ = {isa = PBXFileReference; fileEncoding = 4; lastKnownFileType = text; path = "model-relation-v1.dot"; sourceTree = "<group>"; };
		06F095EC21774EB800CCAA0B /* FontAwesomeKit.framework */ = {isa = PBXFileReference; explicitFileType = wrapper.framework; path = FontAwesomeKit.framework; sourceTree = BUILT_PRODUCTS_DIR; };
		06F095ED21774EB800CCAA0B /* Material.framework */ = {isa = PBXFileReference; explicitFileType = wrapper.framework; path = Material.framework; sourceTree = BUILT_PRODUCTS_DIR; };
		06F095EE21774EB800CCAA0B /* Motion.framework */ = {isa = PBXFileReference; explicitFileType = wrapper.framework; path = Motion.framework; sourceTree = BUILT_PRODUCTS_DIR; };
		06F095EF21774EB800CCAA0B /* ObjectMapper.framework */ = {isa = PBXFileReference; explicitFileType = wrapper.framework; path = ObjectMapper.framework; sourceTree = BUILT_PRODUCTS_DIR; };
		06F095F321774EC600CCAA0B /* Realm.framework */ = {isa = PBXFileReference; explicitFileType = wrapper.framework; path = Realm.framework; sourceTree = BUILT_PRODUCTS_DIR; };
		06F095F421774EC600CCAA0B /* RealmSwift.framework */ = {isa = PBXFileReference; explicitFileType = wrapper.framework; path = RealmSwift.framework; sourceTree = BUILT_PRODUCTS_DIR; };
		06F095F521774EC600CCAA0B /* SwiftyJSON.framework */ = {isa = PBXFileReference; explicitFileType = wrapper.framework; path = SwiftyJSON.framework; sourceTree = BUILT_PRODUCTS_DIR; };
		0CC2B2A1F6E9DF54569D2A8E /* Pods_personalized_care_plannerTests.framework */ = {isa = PBXFileReference; explicitFileType = wrapper.framework; includeInIndex = 0; path = Pods_personalized_care_plannerTests.framework; sourceTree = BUILT_PRODUCTS_DIR; };
		238E5126F524239AE13FE2D1 /* Pods-personalized-care-plannerTests.debug.xcconfig */ = {isa = PBXFileReference; includeInIndex = 1; lastKnownFileType = text.xcconfig; name = "Pods-personalized-care-plannerTests.debug.xcconfig"; path = "Pods/Target Support Files/Pods-personalized-care-plannerTests/Pods-personalized-care-plannerTests.debug.xcconfig"; sourceTree = "<group>"; };
		4CA3B27108403E4C685948F0 /* Pods-personalized-care-plannerUITests.debug.xcconfig */ = {isa = PBXFileReference; includeInIndex = 1; lastKnownFileType = text.xcconfig; name = "Pods-personalized-care-plannerUITests.debug.xcconfig"; path = "Pods/Target Support Files/Pods-personalized-care-plannerUITests/Pods-personalized-care-plannerUITests.debug.xcconfig"; sourceTree = "<group>"; };
		83EB655EA4161FAED16B1E27 /* Pods_personalized_care_plannerUITests.framework */ = {isa = PBXFileReference; explicitFileType = wrapper.framework; includeInIndex = 0; path = Pods_personalized_care_plannerUITests.framework; sourceTree = BUILT_PRODUCTS_DIR; };
		A69958CD5A4743CB29A15068 /* Pods-personalized-care-planner.debug.xcconfig */ = {isa = PBXFileReference; includeInIndex = 1; lastKnownFileType = text.xcconfig; name = "Pods-personalized-care-planner.debug.xcconfig"; path = "Pods/Target Support Files/Pods-personalized-care-planner/Pods-personalized-care-planner.debug.xcconfig"; sourceTree = "<group>"; };
		A9F862B3B762367E6203A92F /* Pods_personalized_care_planner.framework */ = {isa = PBXFileReference; explicitFileType = wrapper.framework; includeInIndex = 0; path = Pods_personalized_care_planner.framework; sourceTree = BUILT_PRODUCTS_DIR; };
		BA83B0BCA87181FCAE7344DC /* Pods-personalized-care-planner.release.xcconfig */ = {isa = PBXFileReference; includeInIndex = 1; lastKnownFileType = text.xcconfig; name = "Pods-personalized-care-planner.release.xcconfig"; path = "Pods/Target Support Files/Pods-personalized-care-planner/Pods-personalized-care-planner.release.xcconfig"; sourceTree = "<group>"; };
		CF628E604154F46AFC5B70DE /* Pods-personalized-care-plannerUITests.release.xcconfig */ = {isa = PBXFileReference; includeInIndex = 1; lastKnownFileType = text.xcconfig; name = "Pods-personalized-care-plannerUITests.release.xcconfig"; path = "Pods/Target Support Files/Pods-personalized-care-plannerUITests/Pods-personalized-care-plannerUITests.release.xcconfig"; sourceTree = "<group>"; };
/* End PBXFileReference section */

/* Begin PBXFrameworksBuildPhase section */
		0682AD3B2162554200E21140 /* Frameworks */ = {
			isa = PBXFrameworksBuildPhase;
			buildActionMask = 2147483647;
			files = (
				0682D8A221808C7A00A02AAF /* FontAwesome_swift.framework in Frameworks */,
				0682D8A0217F54EA00A02AAF /* Graph.framework in Frameworks */,
				0682D89C217F3C5F00A02AAF /* Material.framework in Frameworks */,
				0682D89E217F3C5F00A02AAF /* Motion.framework in Frameworks */,
				06F095F021774EC600CCAA0B /* Realm.framework in Frameworks */,
				06F095F121774EC600CCAA0B /* RealmSwift.framework in Frameworks */,
				06F095F221774EC600CCAA0B /* SwiftyJSON.framework in Frameworks */,
				FD6C8D89A911707EA5016DF4 /* Pods_personalized_care_planner.framework in Frameworks */,
			);
			runOnlyForDeploymentPostprocessing = 0;
		};
		0682AD4F2162554300E21140 /* Frameworks */ = {
			isa = PBXFrameworksBuildPhase;
			buildActionMask = 2147483647;
			files = (
				5E51057E64E50E4D1C520C44 /* Pods_personalized_care_plannerTests.framework in Frameworks */,
			);
			runOnlyForDeploymentPostprocessing = 0;
		};
		0682AD5A2162554300E21140 /* Frameworks */ = {
			isa = PBXFrameworksBuildPhase;
			buildActionMask = 2147483647;
			files = (
				7498EBAF60D5DB4F1ABC8CEE /* Pods_personalized_care_plannerUITests.framework in Frameworks */,
			);
			runOnlyForDeploymentPostprocessing = 0;
		};
/* End PBXFrameworksBuildPhase section */

/* Begin PBXGroup section */
		0645157F21821D1300860F83 /* Asset */ = {
			isa = PBXGroup;
			children = (
				06AC34CD218AF07C00C2D7DC /* self-sheet.pdf */,
			);
			path = Asset;
			sourceTree = "<group>";
		};
		064515882182E52E00860F83 /* WebView */ = {
			isa = PBXGroup;
			children = (
				064515892182E52E00860F83 /* js */,
				0645158A2182E52E00860F83 /* html */,
			);
			path = WebView;
			sourceTree = "<group>";
		};
		064515892182E52E00860F83 /* js */ = {
			isa = PBXGroup;
			children = (
				0645158E2182E75B00860F83 /* d3.min.js */,
			);
			path = js;
			sourceTree = "<group>";
		};
		0645158A2182E52E00860F83 /* html */ = {
			isa = PBXGroup;
			children = (
				0645158B2182E56400860F83 /* index.html */,
			);
			path = html;
			sourceTree = "<group>";
		};
		064C68EE2199C8E2006AE88E /* ViewController */ = {
			isa = PBXGroup;
			children = (
				064C68EF2199C8E2006AE88E /* SplitMasterViewController.swift */,
				064C68F02199C8E2006AE88E /* RootViewController.swift */,
				064C68F12199C8E2006AE88E /* PersonTableFABMenuViewController.swift */,
				064C68F22199C8E2006AE88E /* TagViewController.swift */,
				064C68F32199C8E2006AE88E /* TabBarPDFViewController.swift */,
				064C68F42199C8E2006AE88E /* TabBarStaticsViewController.swift */,
				064C68F52199C8E2006AE88E /* SplitDetailViewController.swift */,
				064C68F62199C8E2006AE88E /* TabBarGraphViewController.swift */,
				064C68FF2199C9A0006AE88E /* AddModalViewController.swift */,
				064873F8219BFEBC00B3E6B2 /* AddSubModalViewController.swift */,
			);
			path = ViewController;
			sourceTree = "<group>";
		};
		0682AD352162554200E21140 = {
			isa = PBXGroup;
			children = (
				0682AD402162554200E21140 /* personalized-care-planner */,
				0682AD552162554300E21140 /* personalized-care-plannerTests */,
				0682AD602162554300E21140 /* personalized-care-plannerUITests */,
				0682AD3F2162554200E21140 /* Products */,
				9B5FC05ED81A8429A7DB2C8F /* Pods */,
				57127285E984CCA140AC597F /* Frameworks */,
			);
			sourceTree = "<group>";
		};
		0682AD3F2162554200E21140 /* Products */ = {
			isa = PBXGroup;
			children = (
				0682AD3E2162554200E21140 /* personalized-care-planner.app */,
				0682AD522162554300E21140 /* personalized-care-plannerTests.xctest */,
				0682AD5D2162554300E21140 /* personalized-care-plannerUITests.xctest */,
			);
			name = Products;
			sourceTree = "<group>";
		};
		0682AD402162554200E21140 /* personalized-care-planner */ = {
			isa = PBXGroup;
			children = (
				064C68EE2199C8E2006AE88E /* ViewController */,
				064515882182E52E00860F83 /* WebView */,
				0645157F21821D1300860F83 /* Asset */,
				06F095E121774E8A00CCAA0B /* Model */,
				06F095E421774E8A00CCAA0B /* View */,
				0682AD412162554200E21140 /* AppDelegate.swift */,
				0682AD482162554200E21140 /* Assets.xcassets */,
				0682AD4D2162554200E21140 /* Info.plist */,
			);
			path = "personalized-care-planner";
			sourceTree = "<group>";
		};
		0682AD552162554300E21140 /* personalized-care-plannerTests */ = {
			isa = PBXGroup;
			children = (
				0682AD562162554300E21140 /* personalized_care_plannerTests.swift */,
				0682AD582162554300E21140 /* Info.plist */,
			);
			path = "personalized-care-plannerTests";
			sourceTree = "<group>";
		};
		0682AD602162554300E21140 /* personalized-care-plannerUITests */ = {
			isa = PBXGroup;
			children = (
				0682AD612162554300E21140 /* personalized_care_plannerUITests.swift */,
				0682AD632162554300E21140 /* Info.plist */,
			);
			path = "personalized-care-plannerUITests";
			sourceTree = "<group>";
		};
		06F095E121774E8A00CCAA0B /* Model */ = {
			isa = PBXGroup;
			children = (
				06F095E221774E8A00CCAA0B /* model-relation-v1.pdf */,
				06F095E321774E8A00CCAA0B /* model-relation-v1.dot */,
			);
			path = Model;
			sourceTree = "<group>";
		};
		06F095E421774E8A00CCAA0B /* View */ = {
			isa = PBXGroup;
			children = (
				06B35E1D217A265300641545 /* PersonTableView.swift */,
			);
			path = View;
			sourceTree = "<group>";
		};
		57127285E984CCA140AC597F /* Frameworks */ = {
			isa = PBXGroup;
			children = (
				0682D8A121808C7A00A02AAF /* FontAwesome_swift.framework */,
				0682D89F217F54EA00A02AAF /* Graph.framework */,
				0682D89B217F3C5F00A02AAF /* Material.framework */,
				0682D89D217F3C5F00A02AAF /* Motion.framework */,
				06F095F321774EC600CCAA0B /* Realm.framework */,
				06F095F421774EC600CCAA0B /* RealmSwift.framework */,
				06F095F521774EC600CCAA0B /* SwiftyJSON.framework */,
				06F095EC21774EB800CCAA0B /* FontAwesomeKit.framework */,
				06F095ED21774EB800CCAA0B /* Material.framework */,
				06F095EE21774EB800CCAA0B /* Motion.framework */,
				06F095EF21774EB800CCAA0B /* ObjectMapper.framework */,
				A9F862B3B762367E6203A92F /* Pods_personalized_care_planner.framework */,
				0CC2B2A1F6E9DF54569D2A8E /* Pods_personalized_care_plannerTests.framework */,
				83EB655EA4161FAED16B1E27 /* Pods_personalized_care_plannerUITests.framework */,
			);
			name = Frameworks;
			sourceTree = "<group>";
		};
		9B5FC05ED81A8429A7DB2C8F /* Pods */ = {
			isa = PBXGroup;
			children = (
				A69958CD5A4743CB29A15068 /* Pods-personalized-care-planner.debug.xcconfig */,
				BA83B0BCA87181FCAE7344DC /* Pods-personalized-care-planner.release.xcconfig */,
				238E5126F524239AE13FE2D1 /* Pods-personalized-care-plannerTests.debug.xcconfig */,
				04494DDE0E824749B13C5874 /* Pods-personalized-care-plannerTests.release.xcconfig */,
				4CA3B27108403E4C685948F0 /* Pods-personalized-care-plannerUITests.debug.xcconfig */,
				CF628E604154F46AFC5B70DE /* Pods-personalized-care-plannerUITests.release.xcconfig */,
			);
			name = Pods;
			sourceTree = "<group>";
		};
/* End PBXGroup section */

/* Begin PBXNativeTarget section */
		0682AD3D2162554200E21140 /* personalized-care-planner */ = {
			isa = PBXNativeTarget;
			buildConfigurationList = 0682AD662162554300E21140 /* Build configuration list for PBXNativeTarget "personalized-care-planner" */;
			buildPhases = (
				4AC2C27B491DA5AA9E7F4CC9 /* [CP] Check Pods Manifest.lock */,
				CF7A28B4D7D57456A41319B8 /* I */,
				0682AD3A2162554200E21140 /* Sources */,
				0682AD3B2162554200E21140 /* Frameworks */,
				0682AD3C2162554200E21140 /* Resources */,
				2EA6BC7A4254FD72D8CA3DBB /* [CP] Embed Pods Frameworks */,
			);
			buildRules = (
			);
			dependencies = (
			);
			name = "personalized-care-planner";
			productName = "personalized-care-planner";
			productReference = 0682AD3E2162554200E21140 /* personalized-care-planner.app */;
			productType = "com.apple.product-type.application";
		};
		0682AD512162554300E21140 /* personalized-care-plannerTests */ = {
			isa = PBXNativeTarget;
			buildConfigurationList = 0682AD692162554300E21140 /* Build configuration list for PBXNativeTarget "personalized-care-plannerTests" */;
			buildPhases = (
				529C51EA183182F46BF913C4 /* [CP] Check Pods Manifest.lock */,
				0682AD4E2162554300E21140 /* Sources */,
				0682AD4F2162554300E21140 /* Frameworks */,
				0682AD502162554300E21140 /* Resources */,
			);
			buildRules = (
			);
			dependencies = (
				0682AD542162554300E21140 /* PBXTargetDependency */,
			);
			name = "personalized-care-plannerTests";
			productName = "personalized-care-plannerTests";
			productReference = 0682AD522162554300E21140 /* personalized-care-plannerTests.xctest */;
			productType = "com.apple.product-type.bundle.unit-test";
		};
		0682AD5C2162554300E21140 /* personalized-care-plannerUITests */ = {
			isa = PBXNativeTarget;
			buildConfigurationList = 0682AD6C2162554300E21140 /* Build configuration list for PBXNativeTarget "personalized-care-plannerUITests" */;
			buildPhases = (
				9FBD764075F98707ECF20CF3 /* [CP] Check Pods Manifest.lock */,
				0682AD592162554300E21140 /* Sources */,
				0682AD5A2162554300E21140 /* Frameworks */,
				0682AD5B2162554300E21140 /* Resources */,
			);
			buildRules = (
			);
			dependencies = (
				0682AD5F2162554300E21140 /* PBXTargetDependency */,
			);
			name = "personalized-care-plannerUITests";
			productName = "personalized-care-plannerUITests";
			productReference = 0682AD5D2162554300E21140 /* personalized-care-plannerUITests.xctest */;
			productType = "com.apple.product-type.bundle.ui-testing";
		};
/* End PBXNativeTarget section */

/* Begin PBXProject section */
		0682AD362162554200E21140 /* Project object */ = {
			isa = PBXProject;
			attributes = {
				LastSwiftUpdateCheck = 0920;
				LastUpgradeCheck = 1000;
				ORGANIZATIONNAME = Kirilab;
				TargetAttributes = {
					0682AD3D2162554200E21140 = {
						CreatedOnToolsVersion = 9.2;
						LastSwiftMigration = 1000;
						ProvisioningStyle = Automatic;
					};
					0682AD512162554300E21140 = {
						CreatedOnToolsVersion = 9.2;
						LastSwiftMigration = 1000;
						ProvisioningStyle = Automatic;
						TestTargetID = 0682AD3D2162554200E21140;
					};
					0682AD5C2162554300E21140 = {
						CreatedOnToolsVersion = 9.2;
						LastSwiftMigration = 1000;
						ProvisioningStyle = Automatic;
						TestTargetID = 0682AD3D2162554200E21140;
					};
				};
			};
			buildConfigurationList = 0682AD392162554200E21140 /* Build configuration list for PBXProject "personalized-care-planner" */;
			compatibilityVersion = "Xcode 8.0";
			developmentRegion = en;
			hasScannedForEncodings = 0;
			knownRegions = (
				en,
				Base,
			);
			mainGroup = 0682AD352162554200E21140;
			productRefGroup = 0682AD3F2162554200E21140 /* Products */;
			projectDirPath = "";
			projectRoot = "";
			targets = (
				0682AD3D2162554200E21140 /* personalized-care-planner */,
				0682AD512162554300E21140 /* personalized-care-plannerTests */,
				0682AD5C2162554300E21140 /* personalized-care-plannerUITests */,
			);
		};
/* End PBXProject section */

/* Begin PBXResourcesBuildPhase section */
		0682AD3C2162554200E21140 /* Resources */ = {
			isa = PBXResourcesBuildPhase;
			buildActionMask = 2147483647;
			files = (
				06AC34D6218B013B00C2D7DC /* d3.min.js in Resources */,
				06AC34D5218B013600C2D7DC /* index.html in Resources */,
				06AC34D4218AF7AC00C2D7DC /* self-sheet.pdf in Resources */,
				06F095E721774E8A00CCAA0B /* model-relation-v1.dot in Resources */,
				0682AD492162554200E21140 /* Assets.xcassets in Resources */,
				06F095E621774E8A00CCAA0B /* model-relation-v1.pdf in Resources */,
			);
			runOnlyForDeploymentPostprocessing = 0;
		};
		0682AD502162554300E21140 /* Resources */ = {
			isa = PBXResourcesBuildPhase;
			buildActionMask = 2147483647;
			files = (
			);
			runOnlyForDeploymentPostprocessing = 0;
		};
		0682AD5B2162554300E21140 /* Resources */ = {
			isa = PBXResourcesBuildPhase;
			buildActionMask = 2147483647;
			files = (
			);
			runOnlyForDeploymentPostprocessing = 0;
		};
/* End PBXResourcesBuildPhase section */

/* Begin PBXShellScriptBuildPhase section */
		2EA6BC7A4254FD72D8CA3DBB /* [CP] Embed Pods Frameworks */ = {
			isa = PBXShellScriptBuildPhase;
			buildActionMask = 2147483647;
			files = (
			);
			inputPaths = (
				"${SRCROOT}/Pods/Target Support Files/Pods-personalized-care-planner/Pods-personalized-care-planner-frameworks.sh",
				"${BUILT_PRODUCTS_DIR}/FontAwesome.swift/FontAwesome_swift.framework",
				"${BUILT_PRODUCTS_DIR}/Graph/Graph.framework",
				"${BUILT_PRODUCTS_DIR}/Material/Material.framework",
				"${BUILT_PRODUCTS_DIR}/Motion/Motion.framework",
				"${BUILT_PRODUCTS_DIR}/Realm/Realm.framework",
				"${BUILT_PRODUCTS_DIR}/RealmSwift/RealmSwift.framework",
				"${BUILT_PRODUCTS_DIR}/SwiftyJSON/SwiftyJSON.framework",
			);
			name = "[CP] Embed Pods Frameworks";
			outputPaths = (
				"${TARGET_BUILD_DIR}/${FRAMEWORKS_FOLDER_PATH}/FontAwesome_swift.framework",
				"${TARGET_BUILD_DIR}/${FRAMEWORKS_FOLDER_PATH}/Graph.framework",
				"${TARGET_BUILD_DIR}/${FRAMEWORKS_FOLDER_PATH}/Material.framework",
				"${TARGET_BUILD_DIR}/${FRAMEWORKS_FOLDER_PATH}/Motion.framework",
				"${TARGET_BUILD_DIR}/${FRAMEWORKS_FOLDER_PATH}/Realm.framework",
				"${TARGET_BUILD_DIR}/${FRAMEWORKS_FOLDER_PATH}/RealmSwift.framework",
				"${TARGET_BUILD_DIR}/${FRAMEWORKS_FOLDER_PATH}/SwiftyJSON.framework",
			);
			runOnlyForDeploymentPostprocessing = 0;
			shellPath = /bin/sh;
			shellScript = "\"${SRCROOT}/Pods/Target Support Files/Pods-personalized-care-planner/Pods-personalized-care-planner-frameworks.sh\"\n";
			showEnvVarsInLog = 0;
		};
		4AC2C27B491DA5AA9E7F4CC9 /* [CP] Check Pods Manifest.lock */ = {
			isa = PBXShellScriptBuildPhase;
			buildActionMask = 2147483647;
			files = (
			);
			inputPaths = (
				"${PODS_PODFILE_DIR_PATH}/Podfile.lock",
				"${PODS_ROOT}/Manifest.lock",
			);
			name = "[CP] Check Pods Manifest.lock";
			outputPaths = (
				"$(DERIVED_FILE_DIR)/Pods-personalized-care-planner-checkManifestLockResult.txt",
			);
			runOnlyForDeploymentPostprocessing = 0;
			shellPath = /bin/sh;
			shellScript = "diff \"${PODS_PODFILE_DIR_PATH}/Podfile.lock\" \"${PODS_ROOT}/Manifest.lock\" > /dev/null\nif [ $? != 0 ] ; then\n    # print error to STDERR\n    echo \"error: The sandbox is not in sync with the Podfile.lock. Run 'pod install' or update your CocoaPods installation.\" >&2\n    exit 1\nfi\n# This output is used by Xcode 'outputs' to avoid re-running this script phase.\necho \"SUCCESS\" > \"${SCRIPT_OUTPUT_FILE_0}\"\n";
			showEnvVarsInLog = 0;
		};
		529C51EA183182F46BF913C4 /* [CP] Check Pods Manifest.lock */ = {
			isa = PBXShellScriptBuildPhase;
			buildActionMask = 2147483647;
			files = (
			);
			inputPaths = (
				"${PODS_PODFILE_DIR_PATH}/Podfile.lock",
				"${PODS_ROOT}/Manifest.lock",
			);
			name = "[CP] Check Pods Manifest.lock";
			outputPaths = (
				"$(DERIVED_FILE_DIR)/Pods-personalized-care-plannerTests-checkManifestLockResult.txt",
			);
			runOnlyForDeploymentPostprocessing = 0;
			shellPath = /bin/sh;
			shellScript = "diff \"${PODS_PODFILE_DIR_PATH}/Podfile.lock\" \"${PODS_ROOT}/Manifest.lock\" > /dev/null\nif [ $? != 0 ] ; then\n    # print error to STDERR\n    echo \"error: The sandbox is not in sync with the Podfile.lock. Run 'pod install' or update your CocoaPods installation.\" >&2\n    exit 1\nfi\n# This output is used by Xcode 'outputs' to avoid re-running this script phase.\necho \"SUCCESS\" > \"${SCRIPT_OUTPUT_FILE_0}\"\n";
			showEnvVarsInLog = 0;
		};
		9FBD764075F98707ECF20CF3 /* [CP] Check Pods Manifest.lock */ = {
			isa = PBXShellScriptBuildPhase;
			buildActionMask = 2147483647;
			files = (
			);
			inputPaths = (
				"${PODS_PODFILE_DIR_PATH}/Podfile.lock",
				"${PODS_ROOT}/Manifest.lock",
			);
			name = "[CP] Check Pods Manifest.lock";
			outputPaths = (
				"$(DERIVED_FILE_DIR)/Pods-personalized-care-plannerUITests-checkManifestLockResult.txt",
			);
			runOnlyForDeploymentPostprocessing = 0;
			shellPath = /bin/sh;
			shellScript = "diff \"${PODS_PODFILE_DIR_PATH}/Podfile.lock\" \"${PODS_ROOT}/Manifest.lock\" > /dev/null\nif [ $? != 0 ] ; then\n    # print error to STDERR\n    echo \"error: The sandbox is not in sync with the Podfile.lock. Run 'pod install' or update your CocoaPods installation.\" >&2\n    exit 1\nfi\n# This output is used by Xcode 'outputs' to avoid re-running this script phase.\necho \"SUCCESS\" > \"${SCRIPT_OUTPUT_FILE_0}\"\n";
			showEnvVarsInLog = 0;
		};
		CF7A28B4D7D57456A41319B8 /* I */ = {
			isa = PBXShellScriptBuildPhase;
			buildActionMask = 2147483647;
			files = (
			);
			inputPaths = (
				"${PODS_PODFILE_DIR_PATH}/Podfile.lock",
				"${PODS_ROOT}/Manifest.lock",
			);
			name = I;
			outputPaths = (
				"$(DERIVED_FILE_DIR)/Pods-personalized-care-planner-checkManifestLockResult.txt",
			);
			runOnlyForDeploymentPostprocessing = 0;
			shellPath = /bin/sh;
			shellScript = "diff \"${PODS_PODFILE_DIR_PATH}/Podfile.lock\" \"${PODS_ROOT}/Manifest.lock\" > /dev/null\nif [ $? != 0 ] ; then\n    # print error to STDERR\n    echo \"error: The sandbox is not in sync with the Podfile.lock. Run 'pod install' or update your CocoaPods installation.\" >&2\n    exit 1\nfi\n# This output is used by Xcode 'outputs' to avoid re-running this script phase.\necho \"SUCCESS\" > \"${SCRIPT_OUTPUT_FILE_0}\"\n";
			showEnvVarsInLog = 0;
		};
/* End PBXShellScriptBuildPhase section */

/* Begin PBXSourcesBuildPhase section */
		0682AD3A2162554200E21140 /* Sources */ = {
			isa = PBXSourcesBuildPhase;
			buildActionMask = 2147483647;
			files = (
				064C69002199C9A0006AE88E /* AddModalViewController.swift in Sources */,
				064873F9219BFEBC00B3E6B2 /* AddSubModalViewController.swift in Sources */,
				064C68FD2199C8E2006AE88E /* SplitDetailViewController.swift in Sources */,
				064C68F92199C8E2006AE88E /* PersonTableFABMenuViewController.swift in Sources */,
				0682AD422162554200E21140 /* AppDelegate.swift in Sources */,
				06B35E1E217A265300641545 /* PersonTableView.swift in Sources */,
				064C68FA2199C8E2006AE88E /* TagViewController.swift in Sources */,
				064C68FE2199C8E2006AE88E /* TabBarGraphViewController.swift in Sources */,
				064C68F82199C8E2006AE88E /* RootViewController.swift in Sources */,
				064C68FB2199C8E2006AE88E /* TabBarPDFViewController.swift in Sources */,
				064C68FC2199C8E2006AE88E /* TabBarStaticsViewController.swift in Sources */,
				064C68F72199C8E2006AE88E /* SplitMasterViewController.swift in Sources */,
			);
			runOnlyForDeploymentPostprocessing = 0;
		};
		0682AD4E2162554300E21140 /* Sources */ = {
			isa = PBXSourcesBuildPhase;
			buildActionMask = 2147483647;
			files = (
				0682AD572162554300E21140 /* personalized_care_plannerTests.swift in Sources */,
			);
			runOnlyForDeploymentPostprocessing = 0;
		};
		0682AD592162554300E21140 /* Sources */ = {
			isa = PBXSourcesBuildPhase;
			buildActionMask = 2147483647;
			files = (
				0682AD622162554300E21140 /* personalized_care_plannerUITests.swift in Sources */,
			);
			runOnlyForDeploymentPostprocessing = 0;
		};
/* End PBXSourcesBuildPhase section */

/* Begin PBXTargetDependency section */
		0682AD542162554300E21140 /* PBXTargetDependency */ = {
			isa = PBXTargetDependency;
			target = 0682AD3D2162554200E21140 /* personalized-care-planner */;
			targetProxy = 0682AD532162554300E21140 /* PBXContainerItemProxy */;
		};
		0682AD5F2162554300E21140 /* PBXTargetDependency */ = {
			isa = PBXTargetDependency;
			target = 0682AD3D2162554200E21140 /* personalized-care-planner */;
			targetProxy = 0682AD5E2162554300E21140 /* PBXContainerItemProxy */;
		};
/* End PBXTargetDependency section */

/* Begin XCBuildConfiguration section */
		0682AD642162554300E21140 /* Debug */ = {
			isa = XCBuildConfiguration;
			buildSettings = {
				ALWAYS_SEARCH_USER_PATHS = NO;
				CLANG_ANALYZER_NONNULL = YES;
				CLANG_ANALYZER_NUMBER_OBJECT_CONVERSION = YES_AGGRESSIVE;
				CLANG_CXX_LANGUAGE_STANDARD = "gnu++14";
				CLANG_CXX_LIBRARY = "libc++";
				CLANG_ENABLE_MODULES = YES;
				CLANG_ENABLE_OBJC_ARC = YES;
				CLANG_WARN_BLOCK_CAPTURE_AUTORELEASING = YES;
				CLANG_WARN_BOOL_CONVERSION = YES;
				CLANG_WARN_COMMA = YES;
				CLANG_WARN_CONSTANT_CONVERSION = YES;
				CLANG_WARN_DEPRECATED_OBJC_IMPLEMENTATIONS = YES;
				CLANG_WARN_DIRECT_OBJC_ISA_USAGE = YES_ERROR;
				CLANG_WARN_DOCUMENTATION_COMMENTS = YES;
				CLANG_WARN_EMPTY_BODY = YES;
				CLANG_WARN_ENUM_CONVERSION = YES;
				CLANG_WARN_INFINITE_RECURSION = YES;
				CLANG_WARN_INT_CONVERSION = YES;
				CLANG_WARN_NON_LITERAL_NULL_CONVERSION = YES;
				CLANG_WARN_OBJC_IMPLICIT_RETAIN_SELF = YES;
				CLANG_WARN_OBJC_LITERAL_CONVERSION = YES;
				CLANG_WARN_OBJC_ROOT_CLASS = YES_ERROR;
				CLANG_WARN_RANGE_LOOP_ANALYSIS = YES;
				CLANG_WARN_STRICT_PROTOTYPES = YES;
				CLANG_WARN_SUSPICIOUS_MOVE = YES;
				CLANG_WARN_UNGUARDED_AVAILABILITY = YES_AGGRESSIVE;
				CLANG_WARN_UNREACHABLE_CODE = YES;
				CLANG_WARN__DUPLICATE_METHOD_MATCH = YES;
				CODE_SIGN_IDENTITY = "iPhone Developer";
				COPY_PHASE_STRIP = NO;
				DEBUG_INFORMATION_FORMAT = dwarf;
				ENABLE_STRICT_OBJC_MSGSEND = YES;
				ENABLE_TESTABILITY = YES;
				GCC_C_LANGUAGE_STANDARD = gnu11;
				GCC_DYNAMIC_NO_PIC = NO;
				GCC_NO_COMMON_BLOCKS = YES;
				GCC_OPTIMIZATION_LEVEL = 0;
				GCC_PREPROCESSOR_DEFINITIONS = (
					"DEBUG=1",
					"$(inherited)",
				);
				GCC_WARN_64_TO_32_BIT_CONVERSION = YES;
				GCC_WARN_ABOUT_RETURN_TYPE = YES_ERROR;
				GCC_WARN_UNDECLARED_SELECTOR = YES;
				GCC_WARN_UNINITIALIZED_AUTOS = YES_AGGRESSIVE;
				GCC_WARN_UNUSED_FUNCTION = YES;
				GCC_WARN_UNUSED_VARIABLE = YES;
				IPHONEOS_DEPLOYMENT_TARGET = 12.0;
				MTL_ENABLE_DEBUG_INFO = YES;
				ONLY_ACTIVE_ARCH = YES;
				SDKROOT = iphoneos;
				SWIFT_ACTIVE_COMPILATION_CONDITIONS = DEBUG;
				SWIFT_OPTIMIZATION_LEVEL = "-Onone";
			};
			name = Debug;
		};
		0682AD652162554300E21140 /* Release */ = {
			isa = XCBuildConfiguration;
			buildSettings = {
				ALWAYS_SEARCH_USER_PATHS = NO;
				CLANG_ANALYZER_NONNULL = YES;
				CLANG_ANALYZER_NUMBER_OBJECT_CONVERSION = YES_AGGRESSIVE;
				CLANG_CXX_LANGUAGE_STANDARD = "gnu++14";
				CLANG_CXX_LIBRARY = "libc++";
				CLANG_ENABLE_MODULES = YES;
				CLANG_ENABLE_OBJC_ARC = YES;
				CLANG_WARN_BLOCK_CAPTURE_AUTORELEASING = YES;
				CLANG_WARN_BOOL_CONVERSION = YES;
				CLANG_WARN_COMMA = YES;
				CLANG_WARN_CONSTANT_CONVERSION = YES;
				CLANG_WARN_DEPRECATED_OBJC_IMPLEMENTATIONS = YES;
				CLANG_WARN_DIRECT_OBJC_ISA_USAGE = YES_ERROR;
				CLANG_WARN_DOCUMENTATION_COMMENTS = YES;
				CLANG_WARN_EMPTY_BODY = YES;
				CLANG_WARN_ENUM_CONVERSION = YES;
				CLANG_WARN_INFINITE_RECURSION = YES;
				CLANG_WARN_INT_CONVERSION = YES;
				CLANG_WARN_NON_LITERAL_NULL_CONVERSION = YES;
				CLANG_WARN_OBJC_IMPLICIT_RETAIN_SELF = YES;
				CLANG_WARN_OBJC_LITERAL_CONVERSION = YES;
				CLANG_WARN_OBJC_ROOT_CLASS = YES_ERROR;
				CLANG_WARN_RANGE_LOOP_ANALYSIS = YES;
				CLANG_WARN_STRICT_PROTOTYPES = YES;
				CLANG_WARN_SUSPICIOUS_MOVE = YES;
				CLANG_WARN_UNGUARDED_AVAILABILITY = YES_AGGRESSIVE;
				CLANG_WARN_UNREACHABLE_CODE = YES;
				CLANG_WARN__DUPLICATE_METHOD_MATCH = YES;
				CODE_SIGN_IDENTITY = "iPhone Developer";
				COPY_PHASE_STRIP = NO;
				DEBUG_INFORMATION_FORMAT = "dwarf-with-dsym";
				ENABLE_NS_ASSERTIONS = NO;
				ENABLE_STRICT_OBJC_MSGSEND = YES;
				GCC_C_LANGUAGE_STANDARD = gnu11;
				GCC_NO_COMMON_BLOCKS = YES;
				GCC_WARN_64_TO_32_BIT_CONVERSION = YES;
				GCC_WARN_ABOUT_RETURN_TYPE = YES_ERROR;
				GCC_WARN_UNDECLARED_SELECTOR = YES;
				GCC_WARN_UNINITIALIZED_AUTOS = YES_AGGRESSIVE;
				GCC_WARN_UNUSED_FUNCTION = YES;
				GCC_WARN_UNUSED_VARIABLE = YES;
				IPHONEOS_DEPLOYMENT_TARGET = 12.0;
				MTL_ENABLE_DEBUG_INFO = NO;
				SDKROOT = iphoneos;
				SWIFT_OPTIMIZATION_LEVEL = "-Owholemodule";
				VALIDATE_PRODUCT = YES;
			};
			name = Release;
		};
		0682AD672162554300E21140 /* Debug */ = {
			isa = XCBuildConfiguration;
			baseConfigurationReference = A69958CD5A4743CB29A15068 /* Pods-personalized-care-planner.debug.xcconfig */;
			buildSettings = {
				ASSETCATALOG_COMPILER_APPICON_NAME = AppIcon;
				CODE_SIGN_STYLE = Automatic;
				DEVELOPMENT_TEAM = JPWY7NPT2H;
				INFOPLIST_FILE = "personalized-care-planner/Info.plist";
				IPHONEOS_DEPLOYMENT_TARGET = 12.0;
				LD_RUNPATH_SEARCH_PATHS = "$(inherited) @executable_path/Frameworks";
				PRODUCT_BUNDLE_IDENTIFIER = "com.personalized-care-planner";
				PRODUCT_NAME = "$(TARGET_NAME)";
				SWIFT_VERSION = 4.2;
				TARGETED_DEVICE_FAMILY = "1,2";
			};
			name = Debug;
		};
		0682AD682162554300E21140 /* Release */ = {
			isa = XCBuildConfiguration;
			baseConfigurationReference = BA83B0BCA87181FCAE7344DC /* Pods-personalized-care-planner.release.xcconfig */;
			buildSettings = {
				ASSETCATALOG_COMPILER_APPICON_NAME = AppIcon;
				CODE_SIGN_STYLE = Automatic;
				DEVELOPMENT_TEAM = JPWY7NPT2H;
				INFOPLIST_FILE = "personalized-care-planner/Info.plist";
				IPHONEOS_DEPLOYMENT_TARGET = 12.0;
				LD_RUNPATH_SEARCH_PATHS = "$(inherited) @executable_path/Frameworks";
				PRODUCT_BUNDLE_IDENTIFIER = "com.personalized-care-planner";
				PRODUCT_NAME = "$(TARGET_NAME)";
				SWIFT_VERSION = 4.2;
				TARGETED_DEVICE_FAMILY = "1,2";
			};
			name = Release;
		};
		0682AD6A2162554300E21140 /* Debug */ = {
			isa = XCBuildConfiguration;
			baseConfigurationReference = 238E5126F524239AE13FE2D1 /* Pods-personalized-care-plannerTests.debug.xcconfig */;
			buildSettings = {
				ALWAYS_EMBED_SWIFT_STANDARD_LIBRARIES = YES;
				BUNDLE_LOADER = "$(TEST_HOST)";
				CODE_SIGN_STYLE = Automatic;
				DEVELOPMENT_TEAM = JPWY7NPT2H;
				INFOPLIST_FILE = "personalized-care-plannerTests/Info.plist";
				LD_RUNPATH_SEARCH_PATHS = "$(inherited) @executable_path/Frameworks @loader_path/Frameworks";
				PRODUCT_BUNDLE_IDENTIFIER = "com.kirilab.personalized-care-plannerTests";
				PRODUCT_NAME = "$(TARGET_NAME)";
				SWIFT_VERSION = 4.2;
				TARGETED_DEVICE_FAMILY = "1,2";
				TEST_HOST = "$(BUILT_PRODUCTS_DIR)/personalized-care-planner.app/personalized-care-planner";
			};
			name = Debug;
		};
		0682AD6B2162554300E21140 /* Release */ = {
			isa = XCBuildConfiguration;
			baseConfigurationReference = 04494DDE0E824749B13C5874 /* Pods-personalized-care-plannerTests.release.xcconfig */;
			buildSettings = {
				ALWAYS_EMBED_SWIFT_STANDARD_LIBRARIES = YES;
				BUNDLE_LOADER = "$(TEST_HOST)";
				CODE_SIGN_STYLE = Automatic;
				DEVELOPMENT_TEAM = JPWY7NPT2H;
				INFOPLIST_FILE = "personalized-care-plannerTests/Info.plist";
				LD_RUNPATH_SEARCH_PATHS = "$(inherited) @executable_path/Frameworks @loader_path/Frameworks";
				PRODUCT_BUNDLE_IDENTIFIER = "com.kirilab.personalized-care-plannerTests";
				PRODUCT_NAME = "$(TARGET_NAME)";
				SWIFT_VERSION = 4.2;
				TARGETED_DEVICE_FAMILY = "1,2";
				TEST_HOST = "$(BUILT_PRODUCTS_DIR)/personalized-care-planner.app/personalized-care-planner";
			};
			name = Release;
		};
		0682AD6D2162554300E21140 /* Debug */ = {
			isa = XCBuildConfiguration;
			baseConfigurationReference = 4CA3B27108403E4C685948F0 /* Pods-personalized-care-plannerUITests.debug.xcconfig */;
			buildSettings = {
				ALWAYS_EMBED_SWIFT_STANDARD_LIBRARIES = YES;
				CODE_SIGN_STYLE = Automatic;
				DEVELOPMENT_TEAM = JPWY7NPT2H;
				INFOPLIST_FILE = "personalized-care-plannerUITests/Info.plist";
				LD_RUNPATH_SEARCH_PATHS = "$(inherited) @executable_path/Frameworks @loader_path/Frameworks";
				PRODUCT_BUNDLE_IDENTIFIER = "com.kirilab.personalized-care-plannerUITests";
				PRODUCT_NAME = "$(TARGET_NAME)";
				SWIFT_VERSION = 4.2;
				TARGETED_DEVICE_FAMILY = "1,2";
				TEST_TARGET_NAME = "personalized-care-planner";
			};
			name = Debug;
		};
		0682AD6E2162554300E21140 /* Release */ = {
			isa = XCBuildConfiguration;
			baseConfigurationReference = CF628E604154F46AFC5B70DE /* Pods-personalized-care-plannerUITests.release.xcconfig */;
			buildSettings = {
				ALWAYS_EMBED_SWIFT_STANDARD_LIBRARIES = YES;
				CODE_SIGN_STYLE = Automatic;
				DEVELOPMENT_TEAM = JPWY7NPT2H;
				INFOPLIST_FILE = "personalized-care-plannerUITests/Info.plist";
				LD_RUNPATH_SEARCH_PATHS = "$(inherited) @executable_path/Frameworks @loader_path/Frameworks";
				PRODUCT_BUNDLE_IDENTIFIER = "com.kirilab.personalized-care-plannerUITests";
				PRODUCT_NAME = "$(TARGET_NAME)";
				SWIFT_VERSION = 4.2;
				TARGETED_DEVICE_FAMILY = "1,2";
				TEST_TARGET_NAME = "personalized-care-planner";
			};
			name = Release;
		};
/* End XCBuildConfiguration section */

/* Begin XCConfigurationList section */
		0682AD392162554200E21140 /* Build configuration list for PBXProject "personalized-care-planner" */ = {
			isa = XCConfigurationList;
			buildConfigurations = (
				0682AD642162554300E21140 /* Debug */,
				0682AD652162554300E21140 /* Release */,
			);
			defaultConfigurationIsVisible = 0;
			defaultConfigurationName = Release;
		};
		0682AD662162554300E21140 /* Build configuration list for PBXNativeTarget "personalized-care-planner" */ = {
			isa = XCConfigurationList;
			buildConfigurations = (
				0682AD672162554300E21140 /* Debug */,
				0682AD682162554300E21140 /* Release */,
			);
			defaultConfigurationIsVisible = 0;
			defaultConfigurationName = Release;
		};
		0682AD692162554300E21140 /* Build configuration list for PBXNativeTarget "personalized-care-plannerTests" */ = {
			isa = XCConfigurationList;
			buildConfigurations = (
				0682AD6A2162554300E21140 /* Debug */,
				0682AD6B2162554300E21140 /* Release */,
			);
			defaultConfigurationIsVisible = 0;
			defaultConfigurationName = Release;
		};
		0682AD6C2162554300E21140 /* Build configuration list for PBXNativeTarget "personalized-care-plannerUITests" */ = {
			isa = XCConfigurationList;
			buildConfigurations = (
				0682AD6D2162554300E21140 /* Debug */,
				0682AD6E2162554300E21140 /* Release */,
			);
			defaultConfigurationIsVisible = 0;
			defaultConfigurationName = Release;
		};
/* End XCConfigurationList section */
	};
	rootObject = 0682AD362162554200E21140 /* Project object */;
}
